{
  "name": "laravel-wow",
  "version": "0.0.1",
  "lockfileVersion": 2,
  "requires": true,
  "packages": {
    "": {
      "name": "laravel-wow",
      "version": "0.0.1",
      "devDependencies": {
        "@types/vscode": "^1.80.0",
        "typescript": "^5.0.0"
      },
      "engines": {
        "vscode": "^1.80.0"
      }
    },
    "node_modules/@types/vscode": {
      "version": "1.95.0",
      "resolved": "https://registry.npmjs.org/@types/vscode/-/vscode-1.95.0.tgz",
      "integrity": "sha512-0LBD8TEiNbet3NvWsmn59zLzOFu/txSlGxnv5yAFHCrhG9WvAnR3IvfHzMOs2aeWqgvNjq9pO99IUw8d3n+unw==",
      "dev": true
    },
    "node_modules/typescript": {
      "version": "5.6.3",
      "resolved": "https://registry.npmjs.org/typescript/-/typescript-5.6.3.tgz",
      "integrity": "sha512-hjcS1mhfuyi4WW8IWtjP7brDrG2cuDZukyrYrSauoXGNgx0S7zceP07adYkJycEr56BOUTNPzbInooiN3fn1qw==",
      "dev": true,
      "bin": {
        "tsc": "bin/tsc",
        "tsserver": "bin/tsserver"
      },
      "engines": {
        "node": ">=14.17"
      }
    }
  },
  "dependencies": {
    "@types/vscode": {
      "version": "1.95.0",
      "resolved": "https://registry.npmjs.org/@types/vscode/-/vscode-1.95.0.tgz",
      "integrity": "sha512-0LBD8TEiNbet3NvWsmn59zLzOFu/txSlGxnv5yAFHCrhG9WvAnR3IvfHzMOs2aeWqgvNjq9pO99IUw8d3n+unw==",
      "dev": true
    },
    "typescript": {
      "version": "5.6.3",
      "resolved": "https://registry.npmjs.org/typescript/-/typescript-5.6.3.tgz",
      "integrity": "sha512-hjcS1mhfuyi4WW8IWtjP7brDrG2cuDZukyrYrSauoXGNgx0S7zceP07adYkJycEr56BOUTNPzbInooiN3fn1qw==",
      "dev": true
    }
  }
}
